
Microsoft Visual Studio Solution File, Format Version 12.00
# Visual Studio Version 17
VisualStudioVersion = 17.4.33110.190
MinimumVisualStudioVersion = 10.0.40219.1
Project("{9A19103F-16F7-4668-BE54-9A1E7A4F7556}") = "CardGame", "CardGame\CardGame.csproj", "{611A1BCD-F1C7-4DE0-BFA2-1A27260A09DC}"
EndProject
Project("{FAE04EC0-301F-11D3-BF4B-00C04F79EFBC}") = "GraphicsForGame", "GraphicsForGame\GraphicsForGame.csproj", "{A53A00C0-C6C1-4A86-B547-43A3A70BCE0C}"
EndProject
Global
	GlobalSection(SolutionConfigurationPlatforms) = preSolution
		Debug|Any CPU = Debug|Any CPU
		Release|Any CPU = Release|Any CPU
	EndGlobalSection
	GlobalSection(ProjectConfigurationPlatforms) = postSolution
		{611A1BCD-F1C7-4DE0-BFA2-1A27260A09DC}.Debug|Any CPU.ActiveCfg = Debug|Any CPU
		{611A1BCD-F1C7-4DE0-BFA2-1A27260A09DC}.Debug|Any CPU.Build.0 = Debug|Any CPU
		{611A1BCD-F1C7-4DE0-BFA2-1A27260A09DC}.Release|Any CPU.ActiveCfg = Release|Any CPU
		{611A1BCD-F1C7-4DE0-BFA2-1A27260A09DC}.Release|Any CPU.Build.0 = Release|Any CPU
		{A53A00C0-C6C1-4A86-B547-43A3A70BCE0C}.Debug|Any CPU.ActiveCfg = Debug|Any CPU
		{A53A00C0-C6C1-4A86-B547-43A3A70BCE0C}.Debug|Any CPU.Build.0 = Debug|Any CPU
		{A53A00C0-C6C1-4A86-B547-43A3A70BCE0C}.Release|Any CPU.ActiveCfg = Release|Any CPU
		{A53A00C0-C6C1-4A86-B547-43A3A70BCE0C}.Release|Any CPU.Build.0 = Release|Any CPU
	EndGlobalSection
	GlobalSection(SolutionProperties) = preSolution
		HideSolutionNode = FALSE
	EndGlobalSection
	GlobalSection(ExtensibilityGlobals) = postSolution
		SolutionGuid = {5B0375F2-E663-4575-B06A-5E5FE1AC97CE}
	EndGlobalSection
EndGlobal
